{
  "name": "recorded-audit-fixture",
  "version": "1.0.0",
  "lockfileVersion": 3,
  "requires": true,
  "packages": {
    "": {
      "name": "recorded-audit-fixture",
      "version": "1.0.0",
      "dependencies": {
        "semver": "5.7.1"
      }
    },
    "node_modules/semver": {
      "version": "5.7.1",
      "resolved": "https://registry.npmjs.org/semver/-/semver-5.7.1.tgz"
    }
  }
}
