{
  "version": 1,
  "dependencies": {
    "net10.0": {
      "CodingAgentRunner": {
        "type": "Transitive",
        "resolved": "0.7.0",
        "contentHash": "nhbP51J5HjhRnd8wuJDKn+B1RqgQHTbSaiXXCGS4nGHjgf+9PaxElGp4q3qiMsAth9MasrzaMNGUO5oqSlaJog=="
      },
      "agentorchestrator.codequality": {
        "type": "Project",
        "dependencies": {
          "CodingAgentRunner": "[0.7.0, )"
        }
      }
    }
  }
}